
Microsoft Visual Studio Solution File, Format Version 12.00
# Visual Studio Version 16
VisualStudioVersion = 16.0.32106.194
MinimumVisualStudioVersion = 10.0.40219.1
Project("{8BC9CEB8-8B4A-11D0-8D11-00A0C91BC942}") = "RefleXXion-EXE", "RefleXXion-EXE\RefleXXion-EXE.vcxproj", "{9C74ABA1-F6F1-419B-A86B-4F8D329EACEA}"
EndProject
Project("{8BC9CEB8-8B4A-11D0-8D11-00A0C91BC942}") = "RefleXXion-DLL", "RefleXXion-DLL\RefleXXion-DLL.vcxproj", "{6AD7327E-FA31-49E6-A6E9-75F616D839F1}"
EndProject
Global
	GlobalSection(SolutionConfigurationPlatforms) = preSolution
		Debug|x64 = Debug|x64
		Debug|x86 = Debug|x86
		Release|x64 = Release|x64
		Release|x86 = Release|x86
	EndGlobalSection
	GlobalSection(ProjectConfigurationPlatforms) = postSolution
		{9C74ABA1-F6F1-419B-A86B-4F8D329EACEA}.Debug|x64.ActiveCfg = Debug|x64
		{9C74ABA1-F6F1-419B-A86B-4F8D329EACEA}.Debug|x64.Build.0 = Debug|x64
		{9C74ABA1-F6F1-419B-A86B-4F8D329EACEA}.Debug|x86.ActiveCfg = Debug|Win32
		{9C74ABA1-F6F1-419B-A86B-4F8D329EACEA}.Debug|x86.Build.0 = Debug|Win32
		{9C74ABA1-F6F1-419B-A86B-4F8D329EACEA}.Release|x64.ActiveCfg = Release|x64
		{9C74ABA1-F6F1-419B-A86B-4F8D329EACEA}.Release|x64.Build.0 = Release|x64
		{9C74ABA1-F6F1-419B-A86B-4F8D329EACEA}.Release|x86.ActiveCfg = Release|Win32
		{9C74ABA1-F6F1-419B-A86B-4F8D329EACEA}.Release|x86.Build.0 = Release|Win32
		{6AD7327E-FA31-49E6-A6E9-75F616D839F1}.Debug|x64.ActiveCfg = Debug|x64
		{6AD7327E-FA31-49E6-A6E9-75F616D839F1}.Debug|x64.Build.0 = Debug|x64
		{6AD7327E-FA31-49E6-A6E9-75F616D839F1}.Debug|x86.ActiveCfg = Debug|Win32
		{6AD7327E-FA31-49E6-A6E9-75F616D839F1}.Debug|x86.Build.0 = Debug|Win32
		{6AD7327E-FA31-49E6-A6E9-75F616D839F1}.Release|x64.ActiveCfg = Release|x64
		{6AD7327E-FA31-49E6-A6E9-75F616D839F1}.Release|x64.Build.0 = Release|x64
		{6AD7327E-FA31-49E6-A6E9-75F616D839F1}.Release|x86.ActiveCfg = Release|Win32
		{6AD7327E-FA31-49E6-A6E9-75F616D839F1}.Release|x86.Build.0 = Release|Win32
	EndGlobalSection
	GlobalSection(SolutionProperties) = preSolution
		HideSolutionNode = FALSE
	EndGlobalSection
	GlobalSection(ExtensibilityGlobals) = postSolution
		SolutionGuid = {11660FC5-03D9-4B55-9DCA-5F684D4C9ECA}
	EndGlobalSection
EndGlobal
